
Microsoft Visual Studio Solution File, Format Version 12.00
# Visual Studio Version 17
VisualStudioVersion = 17.11.35208.52
MinimumVisualStudioVersion = 10.0.40219.1
Project("{FAE04EC0-301F-11D3-BF4B-00C04F79EFBC}") = "AppsParcial3", "AppsParcial3\AppsParcial3.csproj", "{AB6B4E02-7DDC-43C0-9B11-40FEB7A5F598}"
EndProject
Global
	GlobalSection(SolutionConfigurationPlatforms) = preSolution
		Debug|Any CPU = Debug|Any CPU
		Release|Any CPU = Release|Any CPU
	EndGlobalSection
	GlobalSection(ProjectConfigurationPlatforms) = postSolution
		{AB6B4E02-7DDC-43C0-9B11-40FEB7A5F598}.Debug|Any CPU.ActiveCfg = Debug|Any CPU
		{AB6B4E02-7DDC-43C0-9B11-40FEB7A5F598}.Debug|Any CPU.Build.0 = Debug|Any CPU
		{AB6B4E02-7DDC-43C0-9B11-40FEB7A5F598}.Release|Any CPU.ActiveCfg = Release|Any CPU
		{AB6B4E02-7DDC-43C0-9B11-40FEB7A5F598}.Release|Any CPU.Build.0 = Release|Any CPU
	EndGlobalSection
	GlobalSection(SolutionProperties) = preSolution
		HideSolutionNode = FALSE
	EndGlobalSection
	GlobalSection(ExtensibilityGlobals) = postSolution
		SolutionGuid = {348731A9-FAE3-48DE-B5C8-4BACAEB19447}
	EndGlobalSection
EndGlobal
